
Microsoft Visual Studio Solution File, Format Version 12.00
# Visual Studio Version 17
VisualStudioVersion = 17.5.002.0
MinimumVisualStudioVersion = 10.0.40219.1
Project("{9A19103F-16F7-4668-BE54-9A1E7A4F7556}") = "PrimeiraAPI", "PrimeiraAPI.csproj", "{75BBCBBB-C3ED-474B-9920-1FF597864B19}"
EndProject
Global
	GlobalSection(SolutionConfigurationPlatforms) = preSolution
		Debug|Any CPU = Debug|Any CPU
		Release|Any CPU = Release|Any CPU
	EndGlobalSection
	GlobalSection(ProjectConfigurationPlatforms) = postSolution
		{75BBCBBB-C3ED-474B-9920-1FF597864B19}.Debug|Any CPU.ActiveCfg = Debug|Any CPU
		{75BBCBBB-C3ED-474B-9920-1FF597864B19}.Debug|Any CPU.Build.0 = Debug|Any CPU
		{75BBCBBB-C3ED-474B-9920-1FF597864B19}.Release|Any CPU.ActiveCfg = Release|Any CPU
		{75BBCBBB-C3ED-474B-9920-1FF597864B19}.Release|Any CPU.Build.0 = Release|Any CPU
	EndGlobalSection
	GlobalSection(SolutionProperties) = preSolution
		HideSolutionNode = FALSE
	EndGlobalSection
	GlobalSection(ExtensibilityGlobals) = postSolution
		SolutionGuid = {1D94A4A2-17E0-46A7-91E7-8E042F41EA82}
	EndGlobalSection
EndGlobal
